<?xml version="1.0" encoding="utf-8"?>
<Project ToolsVersion="4.0" xmlns="http://schemas.microsoft.com/developer/msbuild/2003">
  <ItemGroup>
    <Filter Include="Header Files">
      <UniqueIdentifier>{d1ff4e83-6a08-4b3e-acfe-894f338ddf91}</UniqueIdentifier>
      <Extensions>h;hpp;hxx;hm;inl</Extensions>
    </Filter>
    <Filter Include="Resource Files">
      <UniqueIdentifier>{b739063b-87ee-4a57-a1f0-d5504e099c08}</UniqueIdentifier>
      <Extensions>ico;cur;bmp;dlg;rc2;rct;bin;rgs;gif;jpg;jpeg;jpe</Extensions>
    </Filter>
    <Filter Include="Source Files">
      <UniqueIdentifier>{ebe8e88b-f5d0-4303-9d06-59e60758726b}</UniqueIdentifier>
      <Extensions>cpp;c;cxx;rc;def;r;odl;idl;hpj;bat</Extensions>
    </Filter>
  </ItemGroup>
  <ItemGroup>
    <ClInclude Include="about.h">
      <Filter>Header Files</Filter>
    </ClInclude>
    <ClInclude Include="Alarm.h">
      <Filter>Header Files</Filter>
    </ClInclude>
    <ClInclude Include="Banner.h">
      <Filter>Header Files</Filter>
    </ClInclude>
    <ClInclude Include="..\..\common\work\BmpDC.h">
      <Filter>Header Files</Filter>
    </ClInclude>
    <ClInclude Include="ChangeMem.h">
      <Filter>Header Files</Filter>
    </ClInclude>
    <ClInclude Include="clicense.h">
      <Filter>Header Files</Filter>
    </ClInclude>
    <ClInclude Include="Clicker.h">
      <Filter>Header Files</Filter>
    </ClInclude>
    <ClInclude Include="ColRect.h">
      <Filter>Header Files</Filter>
    </ClInclude>
    <ClInclude Include="CryptoSticky.h">
      <Filter>Header Files</Filter>
    </ClInclude>
    <ClInclude Include="datalog.h">
      <Filter>Header Files</Filter>
    </ClInclude>
    <ClInclude Include="DlgGetPath.h">
      <Filter>Header Files</Filter>
    </ClInclude>
    <ClInclude Include="..\..\common\work\dsp.h">
      <Filter>Header Files</Filter>
    </ClInclude>
    <ClInclude Include="EditDlg.h">
      <Filter>Header Files</Filter>
    </ClInclude>
    <ClInclude Include="FakeWin.h">
      <Filter>Header Files</Filter>
    </ClInclude>
    <ClInclude Include="FileDialogST.h">
      <Filter>Header Files</Filter>
    </ClInclude>
    <ClInclude Include="GetDirName.h">
      <Filter>Header Files</Filter>
    </ClInclude>
    <ClInclude Include="gotoline.h">
      <Filter>Header Files</Filter>
    </ClInclude>
    <ClInclude Include="..\..\common\work\GrayDlg.h">
      <Filter>Header Files</Filter>
    </ClInclude>
    <ClInclude Include="..\..\common\work\label.h">
      <Filter>Header Files</Filter>
    </ClInclude>
    <ClInclude Include="LevenStein.h">
      <Filter>Header Files</Filter>
    </ClInclude>
    <ClInclude Include="LogDlg.h">
      <Filter>Header Files</Filter>
    </ClInclude>
    <ClInclude Include="MemoConf.h">
      <Filter>Header Files</Filter>
    </ClInclude>
    <ClInclude Include="MemoSupp.h">
      <Filter>Header Files</Filter>
    </ClInclude>
    <ClInclude Include="..\..\common\work\misc.h">
      <Filter>Header Files</Filter>
    </ClInclude>
    <ClInclude Include="MsgBox.h">
      <Filter>Header Files</Filter>
    </ClInclude>
    <ClInclude Include="..\..\common\work\multimon.h">
      <Filter>Header Files</Filter>
    </ClInclude>
    <ClInclude Include="..\..\common\work\mxpad.h">
      <Filter>Header Files</Filter>
    </ClInclude>
    <ClInclude Include="Pass.h">
      <Filter>Header Files</Filter>
    </ClInclude>
    <ClInclude Include="..\..\common\work\PersistDlg.h">
      <Filter>Header Files</Filter>
    </ClInclude>
    <ClInclude Include="PGedit.h">
      <Filter>Header Files</Filter>
    </ClInclude>
    <ClInclude Include="..\..\common\work\Picture.h">
      <Filter>Header Files</Filter>
    </ClInclude>
    <ClInclude Include="..\..\common\work\Popup.h">
      <Filter>Header Files</Filter>
    </ClInclude>
    <ClInclude Include="Register.h">
      <Filter>Header Files</Filter>
    </ClInclude>
    <ClInclude Include="Resource.h">
      <Filter>Header Files</Filter>
    </ClInclude>
    <ClInclude Include="ScribEdit.h">
      <Filter>Header Files</Filter>
    </ClInclude>
    <ClInclude Include="SearchDLG.h">
      <Filter>Header Files</Filter>
    </ClInclude>
    <ClInclude Include="Setup.h">
      <Filter>Header Files</Filter>
    </ClInclude>
    <ClInclude Include="SetupTab.h">
      <Filter>Header Files</Filter>
    </ClInclude>
    <ClInclude Include="SndBoard.h">
      <Filter>Header Files</Filter>
    </ClInclude>
    <ClInclude Include="Speak.h">
      <Filter>Header Files</Filter>
    </ClInclude>
    <ClInclude Include="StdAfx.h">
      <Filter>Header Files</Filter>
    </ClInclude>
    <ClInclude Include="..\..\common\work\Support.h">
      <Filter>Header Files</Filter>
    </ClInclude>
    <ClInclude Include="test.h">
      <Filter>Header Files</Filter>
    </ClInclude>
    <ClInclude Include="..\..\common\work\TextMode.h">
      <Filter>Header Files</Filter>
    </ClInclude>
    <ClInclude Include="TransCheckBox.h">
      <Filter>Header Files</Filter>
    </ClInclude>
    <ClInclude Include="TransDlg.h">
      <Filter>Header Files</Filter>
    </ClInclude>
    <ClInclude Include="TransSlider.h">
      <Filter>Header Files</Filter>
    </ClInclude>
    <ClInclude Include="TrayIcon.h">
      <Filter>Header Files</Filter>
    </ClInclude>
    <ClInclude Include="..\..\common\work\waveEdit.h">
      <Filter>Header Files</Filter>
    </ClInclude>
    <ClInclude Include="xArchive.h">
      <Filter>Header Files</Filter>
    </ClInclude>
    <ClInclude Include="xButton.h">
      <Filter>Header Files</Filter>
    </ClInclude>
    <ClInclude Include="..\..\common\work\XntMask.h">
      <Filter>Header Files</Filter>
    </ClInclude>
    <ClInclude Include="..\..\common\work\xPtrArr.h">
      <Filter>Header Files</Filter>
    </ClInclude>
    <ClInclude Include="..\..\common\work\XrayM.h">
      <Filter>Header Files</Filter>
    </ClInclude>
    <ClInclude Include="..\..\common\work\xRect.h">
      <Filter>Header Files</Filter>
    </ClInclude>
    <ClInclude Include="..\..\common\work\xTargetButton.h">
      <Filter>Header Files</Filter>
    </ClInclude>
    <ClInclude Include="Yellowdlg.h">
      <Filter>Header Files</Filter>
    </ClInclude>
    <ClInclude Include="yellowmemopad.h">
      <Filter>Header Files</Filter>
    </ClInclude>
    <ClInclude Include="ymemo.h">
      <Filter>Header Files</Filter>
    </ClInclude>
    <ClInclude Include="LISTVWEX.H">
      <Filter>Source Files</Filter>
    </ClInclude>
    <ClInclude Include="NetPeerDlg.h">
      <Filter>Source Files</Filter>
    </ClInclude>
    <ClInclude Include="..\..\common\work\PersistInt.h">
      <Filter>Source Files</Filter>
    </ClInclude>
    <ClInclude Include="..\..\common\work\PersistStr.h">
      <Filter>Source Files</Filter>
    </ClInclude>
    <ClInclude Include="..\..\common\work\PlaySound.h">
      <Filter>Source Files</Filter>
    </ClInclude>
    <ClInclude Include="..\..\common\work\RecordSound.h">
      <Filter>Source Files</Filter>
    </ClInclude>
    <ClInclude Include="Resolv.h">
      <Filter>Source Files</Filter>
    </ClInclude>
    <ClInclude Include="..\..\common\work\SimpleGrid.h">
      <Filter>Source Files</Filter>
    </ClInclude>
    <ClInclude Include="xEdit.h">
      <Filter>Source Files</Filter>
    </ClInclude>
  </ItemGroup>
  <ItemGroup>
    <Image Include="images\about.bmp">
      <Filter>Resource Files</Filter>
    </Image>
    <Image Include="images\bg1.bmp">
      <Filter>Resource Files</Filter>
    </Image>
    <Image Include="images\bg2.bmp">
      <Filter>Resource Files</Filter>
    </Image>
    <Image Include="images\bg3.bmp">
      <Filter>Resource Files</Filter>
    </Image>
    <Image Include="images\bg4.bmp">
      <Filter>Resource Files</Filter>
    </Image>
    <Image Include="images\bg4a.bmp">
      <Filter>Resource Files</Filter>
    </Image>
    <Image Include="res\bitmap1.bmp">
      <Filter>Resource Files</Filter>
    </Image>
    <Image Include="images\bitmap10.bmp">
      <Filter>Resource Files</Filter>
    </Image>
    <Image Include="images\bitmap11.bmp">
      <Filter>Resource Files</Filter>
    </Image>
    <Image Include="images\bitmap13.bmp">
      <Filter>Resource Files</Filter>
    </Image>
    <Image Include="images\bitmap14.bmp">
      <Filter>Resource Files</Filter>
    </Image>
    <Image Include="images\bitmap6.bmp">
      <Filter>Resource Files</Filter>
    </Image>
    <Image Include="res\CTrayIconDemo.ico">
      <Filter>Resource Files</Filter>
    </Image>
    <Image Include="res\filetypes.bmp">
      <Filter>Resource Files</Filter>
    </Image>
    <Image Include="images\Graphic3a.bmp">
      <Filter>Resource Files</Filter>
    </Image>
    <Image Include="res\icon1.ico">
      <Filter>Resource Files</Filter>
    </Image>
    <Image Include="res\icon2.ico">
      <Filter>Resource Files</Filter>
    </Image>
    <Image Include="images\Igloo2.BMP">
      <Filter>Resource Files</Filter>
    </Image>
    <Image Include="images\Igloo3.BMP">
      <Filter>Resource Files</Filter>
    </Image>
    <Image Include="images\Igloo4.bmp">
      <Filter>Resource Files</Filter>
    </Image>
    <Image Include="images\river.bmp">
      <Filter>Resource Files</Filter>
    </Image>
    <Image Include="images\sticky.bmp">
      <Filter>Resource Files</Filter>
    </Image>
    <Image Include="images\watermark.bmp">
      <Filter>Resource Files</Filter>
    </Image>
    <Image Include="res\icon3.ico">
      <Filter>Resource Files</Filter>
    </Image>
    <Image Include="res\icon4.ico">
      <Filter>Resource Files</Filter>
    </Image>
  </ItemGroup>
  <ItemGroup>
    <None Include="arrow.cur">
      <Filter>Resource Files</Filter>
    </None>
    <None Include="arrowcop.cur">
      <Filter>Resource Files</Filter>
    </None>
    <None Include="res\CTrayIconDemo.rc2">
      <Filter>Resource Files</Filter>
    </None>
    <None Include="res\cur00001.cur">
      <Filter>Resource Files</Filter>
    </None>
    <None Include="res\cursor1.cur">
      <Filter>Resource Files</Filter>
    </None>
    <None Include="res\cursor2.cur">
      <Filter>Resource Files</Filter>
    </None>
    <None Include="res\cursor3.cur">
      <Filter>Resource Files</Filter>
    </None>
    <None Include="res\cursor4.cur">
      <Filter>Resource Files</Filter>
    </None>
    <None Include="res\pointer.cur">
      <Filter>Resource Files</Filter>
    </None>
  </ItemGroup>
  <ItemGroup>
    <ResourceCompile Include="CYellowMemo.rc">
      <Filter>Resource Files</Filter>
    </ResourceCompile>
  </ItemGroup>
  <ItemGroup>
    <ClCompile Include="about.cpp">
      <Filter>Source Files</Filter>
    </ClCompile>
    <ClCompile Include="Alarm.cpp">
      <Filter>Source Files</Filter>
    </ClCompile>
    <ClCompile Include="Banner.cpp">
      <Filter>Source Files</Filter>
    </ClCompile>
    <ClCompile Include="..\..\common\work\BmpDC.cpp">
      <Filter>Source Files</Filter>
    </ClCompile>
    <ClCompile Include="ChangeMem.cpp">
      <Filter>Source Files</Filter>
    </ClCompile>
    <ClCompile Include="Clicker.cpp">
      <Filter>Source Files</Filter>
    </ClCompile>
    <ClCompile Include="ColRect.cpp">
      <Filter>Source Files</Filter>
    </ClCompile>
    <ClCompile Include="CYellowMemo.cpp">
      <Filter>Source Files</Filter>
    </ClCompile>
    <ClCompile Include="datalog.cpp">
      <Filter>Source Files</Filter>
    </ClCompile>
    <ClCompile Include="DlgGetPath.cpp">
      <Filter>Source Files</Filter>
    </ClCompile>
    <ClCompile Include="..\..\common\work\dsp.cpp">
      <Filter>Source Files</Filter>
    </ClCompile>
    <ClCompile Include="EditDlg.cpp">
      <Filter>Source Files</Filter>
    </ClCompile>
    <ClCompile Include="FakeWin.cpp">
      <Filter>Source Files</Filter>
    </ClCompile>
    <ClCompile Include="GetDirName.cpp">
      <Filter>Source Files</Filter>
    </ClCompile>
    <ClCompile Include="gotoline.cpp">
      <Filter>Source Files</Filter>
    </ClCompile>
    <ClCompile Include="..\..\common\work\GrayDlg.cpp">
      <Filter>Source Files</Filter>
    </ClCompile>
    <ClCompile Include="..\..\common\work\label.cpp">
      <Filter>Source Files</Filter>
    </ClCompile>
    <ClCompile Include="LevenStein.cpp">
      <Filter>Source Files</Filter>
    </ClCompile>
    <ClCompile Include="LISTVWEX.CPP">
      <Filter>Source Files</Filter>
    </ClCompile>
    <ClCompile Include="LogDlg.cpp">
      <Filter>Source Files</Filter>
    </ClCompile>
    <ClCompile Include="MemoConf.cpp">
      <Filter>Source Files</Filter>
    </ClCompile>
    <ClCompile Include="MemoSupp.cpp">
      <Filter>Source Files</Filter>
    </ClCompile>
    <ClCompile Include="..\..\common\work\misc.cpp">
      <Filter>Source Files</Filter>
    </ClCompile>
    <ClCompile Include="mouse.cpp">
      <Filter>Source Files</Filter>
    </ClCompile>
    <ClCompile Include="MsgBox.cpp">
      <Filter>Source Files</Filter>
    </ClCompile>
    <ClCompile Include="..\..\common\work\multimon.cpp">
      <Filter>Source Files</Filter>
    </ClCompile>
    <ClCompile Include="..\..\common\work\mxpad.cpp">
      <Filter>Source Files</Filter>
    </ClCompile>
    <ClCompile Include="NetPeerDlg.cpp">
      <Filter>Source Files</Filter>
    </ClCompile>
    <ClCompile Include="Pass.cpp">
      <Filter>Source Files</Filter>
    </ClCompile>
    <ClCompile Include="..\..\common\work\PersistDlg.cpp">
      <Filter>Source Files</Filter>
    </ClCompile>
    <ClCompile Include="..\..\common\work\PersistInt.cpp">
      <Filter>Source Files</Filter>
    </ClCompile>
    <ClCompile Include="..\..\common\work\PersistStr.cpp">
      <Filter>Source Files</Filter>
    </ClCompile>
    <ClCompile Include="PGedit.cpp">
      <Filter>Source Files</Filter>
    </ClCompile>
    <ClCompile Include="..\..\common\work\Picture.cpp">
      <Filter>Source Files</Filter>
    </ClCompile>
    <ClCompile Include="..\..\common\work\PlaySound.cpp">
      <Filter>Source Files</Filter>
    </ClCompile>
    <ClCompile Include="..\..\common\work\Popup.cpp">
      <Filter>Source Files</Filter>
    </ClCompile>
    <ClCompile Include="..\..\common\work\RecordSound.cpp">
      <Filter>Source Files</Filter>
    </ClCompile>
    <ClCompile Include="Register.cpp">
      <Filter>Source Files</Filter>
    </ClCompile>
    <ClCompile Include="Resolv.cpp">
      <Filter>Source Files</Filter>
    </ClCompile>
    <ClCompile Include="ScribEdit.cpp">
      <Filter>Source Files</Filter>
    </ClCompile>
    <ClCompile Include="SearchDLG.cpp">
      <Filter>Source Files</Filter>
    </ClCompile>
    <ClCompile Include="Setup.cpp">
      <Filter>Source Files</Filter>
    </ClCompile>
    <ClCompile Include="SetupTab.cpp">
      <Filter>Source Files</Filter>
    </ClCompile>
    <ClCompile Include="..\..\common\work\SimpleGrid.cpp">
      <Filter>Source Files</Filter>
    </ClCompile>
    <ClCompile Include="SndBoard.cpp">
      <Filter>Source Files</Filter>
    </ClCompile>
    <ClCompile Include="Speak.cpp">
      <Filter>Source Files</Filter>
    </ClCompile>
    <ClCompile Include="StdAfx.cpp">
      <Filter>Source Files</Filter>
    </ClCompile>
    <ClCompile Include="..\..\common\work\Support.cpp">
      <Filter>Source Files</Filter>
    </ClCompile>
    <ClCompile Include="test.cpp">
      <Filter>Source Files</Filter>
    </ClCompile>
    <ClCompile Include="..\..\common\work\TextMode.cpp">
      <Filter>Source Files</Filter>
    </ClCompile>
    <ClCompile Include="TransCheckBox.cpp">
      <Filter>Source Files</Filter>
    </ClCompile>
    <ClCompile Include="TransDlg.cpp">
      <Filter>Source Files</Filter>
    </ClCompile>
    <ClCompile Include="TransSlider.cpp">
      <Filter>Source Files</Filter>
    </ClCompile>
    <ClCompile Include="TrayIcon.cpp">
      <Filter>Source Files</Filter>
    </ClCompile>
    <ClCompile Include="..\..\common\work\waveEdit.cpp">
      <Filter>Source Files</Filter>
    </ClCompile>
    <ClCompile Include="xArchive.cpp">
      <Filter>Source Files</Filter>
    </ClCompile>
    <ClCompile Include="xButton.cpp">
      <Filter>Source Files</Filter>
    </ClCompile>
    <ClCompile Include="xEdit.cpp">
      <Filter>Source Files</Filter>
    </ClCompile>
    <ClCompile Include="..\..\common\work\XntMask.cpp">
      <Filter>Source Files</Filter>
    </ClCompile>
    <ClCompile Include="..\..\common\work\xPtrArr.cpp">
      <Filter>Source Files</Filter>
    </ClCompile>
    <ClCompile Include="..\..\common\work\XrayM.cpp">
      <Filter>Source Files</Filter>
    </ClCompile>
    <ClCompile Include="..\..\common\work\xRect.cpp">
      <Filter>Source Files</Filter>
    </ClCompile>
    <ClCompile Include="..\..\common\work\xTargetButton.cpp">
      <Filter>Source Files</Filter>
    </ClCompile>
    <ClCompile Include="Yellowdlg.cpp">
      <Filter>Source Files</Filter>
    </ClCompile>
    <ClCompile Include="ymemo.cpp">
      <Filter>Source Files</Filter>
    </ClCompile>
    <ClCompile Include="FileDialogST.cpp">
      <Filter>Source Files</Filter>
    </ClCompile>
    <ClCompile Include="..\..\common\work\bluepoint.cpp">
      <Filter>Source Files</Filter>
    </ClCompile>
  </ItemGroup>
</Project>